# This file is generated by running "yarn install" inside your project.
# Manual changes might be lost - proceed with caution!

__metadata:
  version: 8
  cacheKey: 10c0

"bootstrap@npm:3.4.1":
  version: 3.4.1
  resolution: "bootstrap@npm:3.4.1"
  checksum: 10c0/3ac443985a432fd77f1d6df2972d8f0a06e93bb0e10893fa890e6503e6d2b36e601f4a9894429223afa867c2232ead1af5c55ded4c23a64dc706ca25e49dc2da
  languageName: node
  linkType: hard

"jquery@npm:3.4.1":
  version: 3.4.1
  resolution: "jquery@npm:3.4.1"
  checksum: 10c0/bddcd4ab536e4b00fb6aa6526594e4c2cf5f8e94bcc77e371af14c698e2a46dbde144eebdd49c8ebc1e23fee0e222421b41e0af7fbea645b4f14ad76ddf8b779
  languageName: node
  linkType: hard

"rails_tutorial@workspace:.":
  version: 0.0.0-use.local
  resolution: "rails_tutorial@workspace:."
  dependencies:
    bootstrap: "npm:3.4.1"
    jquery: "npm:3.4.1"
  languageName: unknown
  linkType: soft
